<Project xmlns="http://schemas.microsoft.com/developer/msbuild/2003">
    <PropertyGroup>
        <ProjectGuid>{40B6694E-A172-44A3-A5B2-A64E3710C124}</ProjectGuid>
        <MainSource>OrangeUIControl_FMX_XE10.dpk</MainSource>
        <Base>True</Base>
        <Config Condition="'$(Config)'==''">Release</Config>
        <TargetedPlatforms>1113</TargetedPlatforms>
        <AppType>Package</AppType>
        <FrameworkType>FMX</FrameworkType>
        <ProjectVersion>18.2</ProjectVersion>
        <Platform Condition="'$(Platform)'==''">iOSSimulator</Platform>
    </PropertyGroup>
    <PropertyGroup Condition="'$(Config)'=='Base' or '$(Base)'!=''">
        <Base>true</Base>
    </PropertyGroup>
    <PropertyGroup Condition="('$(Platform)'=='Android' and '$(Base)'=='true') or '$(Base_Android)'!=''">
        <Base_Android>true</Base_Android>
        <CfgParent>Base</CfgParent>
        <Base>true</Base>
    </PropertyGroup>
    <PropertyGroup Condition="('$(Platform)'=='iOSDevice32' and '$(Base)'=='true') or '$(Base_iOSDevice32)'!=''">
        <Base_iOSDevice32>true</Base_iOSDevice32>
        <CfgParent>Base</CfgParent>
        <Base>true</Base>
    </PropertyGroup>
    <PropertyGroup Condition="('$(Platform)'=='iOSDevice64' and '$(Base)'=='true') or '$(Base_iOSDevice64)'!=''">
        <Base_iOSDevice64>true</Base_iOSDevice64>
        <CfgParent>Base</CfgParent>
        <Base>true</Base>
    </PropertyGroup>
    <PropertyGroup Condition="('$(Platform)'=='iOSSimulator' and '$(Base)'=='true') or '$(Base_iOSSimulator)'!=''">
        <Base_iOSSimulator>true</Base_iOSSimulator>
        <CfgParent>Base</CfgParent>
        <Base>true</Base>
    </PropertyGroup>
    <PropertyGroup Condition="('$(Platform)'=='Win32' and '$(Base)'=='true') or '$(Base_Win32)'!=''">
        <Base_Win32>true</Base_Win32>
        <CfgParent>Base</CfgParent>
        <Base>true</Base>
    </PropertyGroup>
    <PropertyGroup Condition="'$(Config)'=='Release' or '$(Cfg_1)'!=''">
        <Cfg_1>true</Cfg_1>
        <CfgParent>Base</CfgParent>
        <Base>true</Base>
    </PropertyGroup>
    <PropertyGroup Condition="('$(Platform)'=='Android' and '$(Cfg_1)'=='true') or '$(Cfg_1_Android)'!=''">
        <Cfg_1_Android>true</Cfg_1_Android>
        <CfgParent>Cfg_1</CfgParent>
        <Cfg_1>true</Cfg_1>
        <Base>true</Base>
    </PropertyGroup>
    <PropertyGroup Condition="('$(Platform)'=='iOSDevice64' and '$(Cfg_1)'=='true') or '$(Cfg_1_iOSDevice64)'!=''">
        <Cfg_1_iOSDevice64>true</Cfg_1_iOSDevice64>
        <CfgParent>Cfg_1</CfgParent>
        <Cfg_1>true</Cfg_1>
        <Base>true</Base>
    </PropertyGroup>
    <PropertyGroup Condition="'$(Config)'=='Debug' or '$(Cfg_2)'!=''">
        <Cfg_2>true</Cfg_2>
        <CfgParent>Base</CfgParent>
        <Base>true</Base>
    </PropertyGroup>
    <PropertyGroup Condition="('$(Platform)'=='iOSDevice32' and '$(Cfg_2)'=='true') or '$(Cfg_2_iOSDevice32)'!=''">
        <Cfg_2_iOSDevice32>true</Cfg_2_iOSDevice32>
        <CfgParent>Cfg_2</CfgParent>
        <Cfg_2>true</Cfg_2>
        <Base>true</Base>
    </PropertyGroup>
    <PropertyGroup Condition="('$(Platform)'=='iOSDevice64' and '$(Cfg_2)'=='true') or '$(Cfg_2_iOSDevice64)'!=''">
        <Cfg_2_iOSDevice64>true</Cfg_2_iOSDevice64>
        <CfgParent>Cfg_2</CfgParent>
        <Cfg_2>true</Cfg_2>
        <Base>true</Base>
    </PropertyGroup>
    <PropertyGroup Condition="('$(Platform)'=='iOSSimulator' and '$(Cfg_2)'=='true') or '$(Cfg_2_iOSSimulator)'!=''">
        <Cfg_2_iOSSimulator>true</Cfg_2_iOSSimulator>
        <CfgParent>Cfg_2</CfgParent>
        <Cfg_2>true</Cfg_2>
        <Base>true</Base>
    </PropertyGroup>
    <PropertyGroup Condition="('$(Platform)'=='Win32' and '$(Cfg_2)'=='true') or '$(Cfg_2_Win32)'!=''">
        <Cfg_2_Win32>true</Cfg_2_Win32>
        <CfgParent>Cfg_2</CfgParent>
        <Cfg_2>true</Cfg_2>
        <Base>true</Base>
    </PropertyGroup>
    <PropertyGroup Condition="'$(Base)'!=''">
        <RuntimeOnlyPackage>true</RuntimeOnlyPackage>
        <DCC_BplOutput>..\OrangeUIDesign\DCU\FMX\XE10\$(Platform)\$(Config)</DCC_BplOutput>
        <DCC_DcuOutput>..\OrangeUIDesign\DCU\FMX\XE10\$(Platform)\$(Config)</DCC_DcuOutput>
        <DCC_DcpOutput>..\OrangeUIDesign\DCU\FMX\XE10\$(Platform)\$(Config)</DCC_DcpOutput>
        <GenPackage>true</GenPackage>
        <DCC_ImageBase>00400000</DCC_ImageBase>
        <DCC_Namespace>System;Xml;Data;Datasnap;Web;Soap;REST.Authenticator.OAuth.WebForm;$(DCC_Namespace)</DCC_Namespace>
        <VerInfo_Locale>2052</VerInfo_Locale>
        <DCC_S>false</DCC_S>
        <SanitizedProjectName>OrangeUIControl_FMX_XE10</SanitizedProjectName>
        <DCC_F>false</DCC_F>
        <DCC_E>false</DCC_E>
        <DCC_N>false</DCC_N>
        <DCC_K>false</DCC_K>
        <VerInfo_Keys>CompanyName=;FileDescription=;FileVersion=1.0.0.0;InternalName=;LegalCopyright=;LegalTrademarks=;OriginalFilename=;ProductName=;ProductVersion=1.0.0.0;Comments=;CFBundleName=</VerInfo_Keys>
        <GenDll>true</GenDll>
    </PropertyGroup>
    <PropertyGroup Condition="'$(Base_Android)'!=''">
        <VerInfo_Build>1</VerInfo_Build>
        <DCC_UsePackage>rtl;fmx;$(DCC_UsePackage)</DCC_UsePackage>
        <EnabledSysJars>android-support-v4.dex.jar;apk-expansion.dex.jar;cloud-messaging.dex.jar;fmx.dex.jar;google-analytics-v2.dex.jar;google-play-billing.dex.jar;google-play-licensing.dex.jar;google-play-services.dex.jar</EnabledSysJars>
        <BT_BuildType>Debug</BT_BuildType>
        <VerInfo_Keys>package=com.embarcadero.$(MSBuildProjectName);label=$(MSBuildProjectName);versionCode=1;versionName=1.0.0;persistent=False;restoreAnyVersion=False;installLocation=auto;largeHeap=False;theme=TitleBar;hardwareAccelerated=true;apiKey=</VerInfo_Keys>
    </PropertyGroup>
    <PropertyGroup Condition="'$(Base_iOSDevice32)'!=''">
        <DCC_UsePackage>rtl;fmx;$(DCC_UsePackage)</DCC_UsePackage>
        <BT_BuildType>Debug</BT_BuildType>
        <VerInfo_IncludeVerInfo>true</VerInfo_IncludeVerInfo>
        <VerInfo_BundleId>$(MSBuildProjectName)</VerInfo_BundleId>
        <VerInfo_UIDeviceFamily>iPhoneAndiPad</VerInfo_UIDeviceFamily>
        <VerInfo_Keys>CFBundleName=$(MSBuildProjectName);CFBundleDevelopmentRegion=en;CFBundleDisplayName=$(MSBuildProjectName);CFBundleIdentifier=$(MSBuildProjectName);CFBundleInfoDictionaryVersion=7.1;CFBundleVersion=1.0.0.0;CFBundlePackageType=APPL;CFBundleSignature=????;LSRequiresIPhoneOS=true;CFBundleAllowMixedLocalizations=YES;CFBundleExecutable=$(MSBuildProjectName);UIDeviceFamily=iPhone &amp; iPad;CFBundleResourceSpecification=ResourceRules.plist;NSLocationAlwaysUsageDescription=The reason for accessing the location information of the user;NSLocationWhenInUseUsageDescription=The reason for accessing the location information of the user;FMLocalNotificationPermission=false;UIBackgroundModes=;NSContactsUsageDescription=The reason for accessing the contacts;NSPhotoLibraryUsageDescription=The reason for accessing the photo library;NSCameraUsageDescription=The reason for accessing the camera</VerInfo_Keys>
    </PropertyGroup>
    <PropertyGroup Condition="'$(Base_iOSDevice64)'!=''">
        <DCC_UsePackage>rtl;fmx;$(DCC_UsePackage)</DCC_UsePackage>
    </PropertyGroup>
    <PropertyGroup Condition="'$(Base_iOSSimulator)'!=''">
        <DCC_UsePackage>rtl;fmx;$(DCC_UsePackage)</DCC_UsePackage>
        <VerInfo_IncludeVerInfo>true</VerInfo_IncludeVerInfo>
        <VerInfo_Keys>CFBundleName=$(MSBuildProjectName);CFBundleDevelopmentRegion=en;CFBundleDisplayName=$(MSBuildProjectName);CFBundleIdentifier=$(MSBuildProjectName);CFBundleInfoDictionaryVersion=7.1;CFBundleVersion=1.0.0.0;CFBundlePackageType=APPL;CFBundleSignature=????;LSRequiresIPhoneOS=true;CFBundleAllowMixedLocalizations=YES;CFBundleExecutable=$(MSBuildProjectName);UIDeviceFamily=iPhone &amp; iPad;CFBundleResourceSpecification=ResourceRules.plist;NSLocationAlwaysUsageDescription=The reason for accessing the location information of the user;NSLocationWhenInUseUsageDescription=The reason for accessing the location information of the user;FMLocalNotificationPermission=false;UIBackgroundModes=;NSContactsUsageDescription=The reason for accessing the contacts;NSPhotoLibraryUsageDescription=The reason for accessing the photo library;NSCameraUsageDescription=The reason for accessing the camera</VerInfo_Keys>
        <VerInfo_UIDeviceFamily>iPhoneAndiPad</VerInfo_UIDeviceFamily>
    </PropertyGroup>
    <PropertyGroup Condition="'$(Base_Win32)'!=''">
        <DCC_UsePackage>rtl;fmx;$(DCC_UsePackage)</DCC_UsePackage>
        <VerInfo_IncludeVerInfo>true</VerInfo_IncludeVerInfo>
        <VerInfo_Locale>1033</VerInfo_Locale>
        <VerInfo_Keys>CompanyName=;FileVersion=1.0.0.0;InternalName=;LegalCopyright=;LegalTrademarks=;OriginalFilename=;ProductVersion=1.0.0.0;Comments=;ProgramID=com.embarcadero.$(ModuleName);FileDescription=$(ModuleName);ProductName=$(ModuleName)</VerInfo_Keys>
        <DCC_Namespace>Winapi;System.Win;Data.Win;Datasnap.Win;Web.Win;Soap.Win;Xml.Win;Bde;$(DCC_Namespace)</DCC_Namespace>
    </PropertyGroup>
    <PropertyGroup Condition="'$(Cfg_1)'!=''">
        <DCC_SymbolReferenceInfo>0</DCC_SymbolReferenceInfo>
        <DCC_DebugInformation>0</DCC_DebugInformation>
        <DCC_LocalDebugSymbols>false</DCC_LocalDebugSymbols>
        <DCC_Define>RELEASE;$(DCC_Define)</DCC_Define>
    </PropertyGroup>
    <PropertyGroup Condition="'$(Cfg_1_Android)'!=''">
        <VerInfo_Build>1</VerInfo_Build>
        <VerInfo_Keys>package=com.embarcadero.$(MSBuildProjectName);label=$(MSBuildProjectName);versionCode=1;versionName=1.0.0;persistent=False;restoreAnyVersion=False;installLocation=preferExternal;largeHeap=False;theme=TitleBar;hardwareAccelerated=true;apiKey=</VerInfo_Keys>
    </PropertyGroup>
    <PropertyGroup Condition="'$(Cfg_1_iOSDevice64)'!=''">
        <BT_BuildType>Debug</BT_BuildType>
    </PropertyGroup>
    <PropertyGroup Condition="'$(Cfg_2)'!=''">
        <DCC_GenerateStackFrames>true</DCC_GenerateStackFrames>
        <DCC_Optimize>false</DCC_Optimize>
        <DCC_Define>DEBUG;$(DCC_Define)</DCC_Define>
    </PropertyGroup>
    <PropertyGroup Condition="'$(Cfg_2_iOSDevice32)'!=''">
        <DCC_RemoteDebug>true</DCC_RemoteDebug>
    </PropertyGroup>
    <PropertyGroup Condition="'$(Cfg_2_iOSDevice64)'!=''">
        <BT_BuildType>Debug</BT_BuildType>
    </PropertyGroup>
    <PropertyGroup Condition="'$(Cfg_2_iOSSimulator)'!=''">
        <DCC_RemoteDebug>true</DCC_RemoteDebug>
    </PropertyGroup>
    <PropertyGroup Condition="'$(Cfg_2_Win32)'!=''">
        <VerInfo_Locale>1033</VerInfo_Locale>
        <VerInfo_IncludeVerInfo>true</VerInfo_IncludeVerInfo>
        <VerInfo_Keys>CompanyName=;FileVersion=1.0.0.0;InternalName=;LegalCopyright=;LegalTrademarks=;OriginalFilename=;ProductVersion=1.0.0.0;Comments=;ProgramID=com.embarcadero.$(ModuleName);FileDescription=$(ModuleName);ProductName=$(ModuleName)</VerInfo_Keys>
    </PropertyGroup>
    <ItemGroup>
        <DelphiCompile Include="$(MainSource)">
            <MainSource>MainSource</MainSource>
        </DelphiCompile>
        <DCCReference Include="rtl.dcp"/>
        <DCCReference Include="fmx.dcp"/>
        <DCCReference Include="dbrtl.dcp"/>
        <DCCReference Include="Source\Engines\FMX\uFireMonkeyDrawCanvas.pas"/>
        <DCCReference Include="Source\Engines\FMX\uFireMonkeySkinPictureEngine.pas"/>
        <DCCReference Include="Source\Base\uBasePathData.pas"/>
        <DCCReference Include="Source\Base\uBinaryObjectList.pas"/>
        <DCCReference Include="Source\Base\uBinaryTreeDoc.pas"/>
        <DCCReference Include="Source\Base\uBufferBitmap.pas"/>
        <DCCReference Include="Source\Base\uDownloadPictureManager.pas"/>
        <DCCReference Include="Source\Base\uDrawCanvas.pas"/>
        <DCCReference Include="Source\Base\uDrawEngine.pas"/>
        <DCCReference Include="Source\Base\uDrawLineParam.pas"/>
        <DCCReference Include="Source\Base\uDrawParam.pas"/>
        <DCCReference Include="Source\Base\uDrawPathParam.pas"/>
        <DCCReference Include="Source\Base\uDrawPicture.pas"/>
        <DCCReference Include="Source\Base\uDrawPictureParam.pas"/>
        <DCCReference Include="Source\Base\uDrawRectParam.pas"/>
        <DCCReference Include="Source\Base\uDrawTextParam.pas"/>
        <DCCReference Include="Source\Base\uFrameContext.pas"/>
        <DCCReference Include="Source\Base\uGraphicCommon.pas"/>
        <DCCReference Include="Source\Base\uLang.pas"/>
        <DCCReference Include="Source\Base\uSkinImageList.pas"/>
        <DCCReference Include="Source\Base\uSkinMaterial.pas"/>
        <DCCReference Include="Source\Base\uSkinPicture.pas"/>
        <DCCReference Include="Source\Base\uSkinPublic.pas"/>
        <DCCReference Include="Source\Base\uUrlPicture.pas"/>
        <DCCReference Include="Source\Controls\uComponentTypeRegister.pas"/>
        <DCCReference Include="Source\Controls\uSkinAnimator.pas"/>
        <DCCReference Include="Source\Controls\uSkinButtonType.pas"/>
        <DCCReference Include="Source\Controls\uSkinCheckBoxType.pas"/>
        <DCCReference Include="Source\Controls\uSkinComboBoxType.pas"/>
        <DCCReference Include="Source\Controls\uSkinComboEditType.pas"/>
        <DCCReference Include="Source\Controls\uSkinControlGestureManager.pas"/>
        <DCCReference Include="Source\Controls\uSkinControlPanDragGestureManager.pas"/>
        <DCCReference Include="Source\Controls\uSkinCustomListType.pas"/>
        <DCCReference Include="Source\Controls\uSkinDateEditType.pas"/>
        <DCCReference Include="Source\Controls\uSkinDBGridType.pas"/>
        <DCCReference Include="Source\Controls\uSkinDrawPanelType.pas"/>
        <DCCReference Include="Source\Controls\uSkinEditType.pas"/>
        <DCCReference Include="Source\Controls\uSkinFrameImageType.pas"/>
        <DCCReference Include="Source\Controls\uSkinImageListPlayerType.pas"/>
        <DCCReference Include="Source\Controls\uSkinImageListViewerType.pas"/>
        <DCCReference Include="Source\Controls\uSkinImageType.pas"/>
        <DCCReference Include="Source\Controls\uSkinItemDesignerPanelType.pas"/>
        <DCCReference Include="Source\Controls\uSkinItemGridType.pas"/>
        <DCCReference Include="Source\Controls\uSkinItems.pas"/>
        <DCCReference Include="Source\Controls\uSkinLabelType.pas"/>
        <DCCReference Include="Source\Controls\uSkinListBoxType.pas"/>
        <DCCReference Include="Source\Controls\uSkinListLayouts.pas"/>
        <DCCReference Include="Source\Controls\uSkinListViewType.pas"/>
        <DCCReference Include="Source\Controls\uSkinMemoType.pas"/>
        <DCCReference Include="Source\Controls\uSkinMultiColorLabelType.pas"/>
        <DCCReference Include="Source\Controls\uSkinNotifyNumberIconType.pas"/>
        <DCCReference Include="Source\Controls\uSkinPageControlType.pas"/>
        <DCCReference Include="Source\Controls\uSkinPanelType.pas"/>
        <DCCReference Include="Source\Controls\uSkinPopupType.pas"/>
        <DCCReference Include="Source\Controls\uSkinProgressBarType.pas"/>
        <DCCReference Include="Source\Controls\uSkinPullLoadPanelType.pas"/>
        <DCCReference Include="Source\Controls\uSkinRadioButtonType.pas"/>
        <DCCReference Include="Source\Controls\uSkinRegManager.pas"/>
        <DCCReference Include="Source\Controls\uSkinRoundImageType.pas"/>
        <DCCReference Include="Source\Controls\uSkinRoundRectType.pas"/>
        <DCCReference Include="Source\Controls\uSkinScrollBarType.pas"/>
        <DCCReference Include="Source\Controls\uSkinScrollBoxContentType.pas"/>
        <DCCReference Include="Source\Controls\uSkinScrollBoxType.pas"/>
        <DCCReference Include="Source\Controls\uSkinScrollControlCornerType.pas"/>
        <DCCReference Include="Source\Controls\uSkinScrollControlType.pas"/>
        <DCCReference Include="Source\Controls\uSkinSwitchBarType.pas"/>
        <DCCReference Include="Source\Controls\uSkinSwitchPageListControlGestureManager.pas"/>
        <DCCReference Include="Source\Controls\uSkinSwitchPageListPanelType.pas"/>
        <DCCReference Include="Source\Controls\uSkinSwitchType.pas"/>
        <DCCReference Include="Source\Controls\uSkinTimeEditType.pas"/>
        <DCCReference Include="Source\Controls\uSkinTrackBarType.pas"/>
        <DCCReference Include="Source\Controls\uSkinTreeViewType.pas"/>
        <DCCReference Include="Source\Controls\uSkinVirtualGridType.pas"/>
        <DCCReference Include="Source\Controls\uSkinVirtualListType.pas"/>
        <DCCReference Include="Source\Controls\FireMonkey\uBaseSkinControl.pas"/>
        <DCCReference Include="Source\Controls\FireMonkey\uSkinFireMonkeyButton.pas"/>
        <DCCReference Include="Source\Controls\FireMonkey\uSkinFireMonkeyCheckBox.pas"/>
        <DCCReference Include="Source\Controls\FireMonkey\uSkinFireMonkeyComboBox.pas"/>
        <DCCReference Include="Source\Controls\FireMonkey\uSkinFireMonkeyComboEdit.pas"/>
        <DCCReference Include="Source\Controls\FireMonkey\uSkinFireMonkeyControl.pas"/>
        <DCCReference Include="Source\Controls\FireMonkey\uSkinFireMonkeyCustomList.pas"/>
        <DCCReference Include="Source\Controls\FireMonkey\uSkinFireMonkeyDateEdit.pas"/>
        <DCCReference Include="Source\Controls\FireMonkey\uSkinFireMonkeyDBGrid.pas"/>
        <DCCReference Include="Source\Controls\FireMonkey\uSkinFireMonkeyDirectUIParent.pas"/>
        <DCCReference Include="Source\Controls\FireMonkey\uSkinFireMonkeyDrawPanel.pas"/>
        <DCCReference Include="Source\Controls\FireMonkey\uSkinFireMonkeyEdit.pas"/>
        <DCCReference Include="Source\Controls\FireMonkey\uSkinFireMonkeyFrameImage.pas"/>
        <DCCReference Include="Source\Controls\FireMonkey\uSkinFireMonkeyImage.pas"/>
        <DCCReference Include="Source\Controls\FireMonkey\uSkinFireMonkeyImageListPlayer.pas"/>
        <DCCReference Include="Source\Controls\FireMonkey\uSkinFireMonkeyImageListViewer.pas"/>
        <DCCReference Include="Source\Controls\FireMonkey\uSkinFireMonkeyiOSNativeEdit.pas"/>
        <DCCReference Include="Source\Controls\FireMonkey\uSkinFireMonkeyiOSNativeMemo.pas"/>
        <DCCReference Include="Source\Controls\FireMonkey\uSkinFireMonkeyItemDesignerPanel.pas"/>
        <DCCReference Include="Source\Controls\FireMonkey\uSkinFireMonkeyItemGrid.pas"/>
        <DCCReference Include="Source\Controls\FireMonkey\uSkinFireMonkeyLabel.pas"/>
        <DCCReference Include="Source\Controls\FireMonkey\uSkinFireMonkeyListBox.pas"/>
        <DCCReference Include="Source\Controls\FireMonkey\uSkinFireMonkeyListView.pas"/>
        <DCCReference Include="Source\Controls\FireMonkey\uSkinFireMonkeyMemo.pas"/>
        <DCCReference Include="Source\Controls\FireMonkey\uSkinFireMonkeyMultiColorLabel.pas"/>
        <DCCReference Include="Source\Controls\FireMonkey\uSkinFireMonkeyNotifyNumberIcon.pas"/>
        <DCCReference Include="Source\Controls\FireMonkey\uSkinFireMonkeyPageControl.pas"/>
        <DCCReference Include="Source\Controls\FireMonkey\uSkinFireMonkeyPanel.pas"/>
        <DCCReference Include="Source\Controls\FireMonkey\uSkinFireMonkeyPopup.pas"/>
        <DCCReference Include="Source\Controls\FireMonkey\uSkinFireMonkeyProgressBar.pas"/>
        <DCCReference Include="Source\Controls\FireMonkey\uSkinFireMonkeyPullLoadPanel.pas"/>
        <DCCReference Include="Source\Controls\FireMonkey\uSkinFireMonkeyRadioButton.pas"/>
        <DCCReference Include="Source\Controls\FireMonkey\uSkinFireMonkeyRoundImage.pas"/>
        <DCCReference Include="Source\Controls\FireMonkey\uSkinFireMonkeyRoundRect.pas"/>
        <DCCReference Include="Source\Controls\FireMonkey\uSkinFireMonkeyScrollBar.pas"/>
        <DCCReference Include="Source\Controls\FireMonkey\uSkinFireMonkeyScrollBox.pas"/>
        <DCCReference Include="Source\Controls\FireMonkey\uSkinFireMonkeyScrollBoxContent.pas"/>
        <DCCReference Include="Source\Controls\FireMonkey\uSkinFireMonkeyScrollControl.pas"/>
        <DCCReference Include="Source\Controls\FireMonkey\uSkinFireMonkeyScrollControlCorner.pas"/>
        <DCCReference Include="Source\Controls\FireMonkey\uSkinFireMonkeyStyledComboEdit.pas"/>
        <DCCReference Include="Source\Controls\FireMonkey\uSkinFireMonkeyStyledEdit.pas"/>
        <DCCReference Include="Source\Controls\FireMonkey\uSkinFireMonkeyStyledMemo.pas"/>
        <DCCReference Include="Source\Controls\FireMonkey\uSkinFireMonkeySwitch.pas"/>
        <DCCReference Include="Source\Controls\FireMonkey\uSkinFireMonkeySwitchBar.pas"/>
        <DCCReference Include="Source\Controls\FireMonkey\uSkinFireMonkeySwitchPageListPanel.pas"/>
        <DCCReference Include="Source\Controls\FireMonkey\uSkinFireMonkeyTimeEdit.pas"/>
        <DCCReference Include="Source\Controls\FireMonkey\uSkinFireMonkeyTrackBar.pas"/>
        <DCCReference Include="Source\Controls\FireMonkey\uSkinFireMonkeyTreeView.pas"/>
        <DCCReference Include="Source\Controls\FireMonkey\uSkinFireMonkeyVirtualGrid.pas"/>
        <DCCReference Include="Source\Controls\FireMonkey\uSkinFireMonkeyVirtualList.pas"/>
        <DCCReference Include="Source\Controls\FireMonkey\uSkinFMX.Memo.iOS.pas"/>
        <DCCReference Include="Source\Base\uTimerTaskEvent.pas"/>
        <DCCReference Include="Source\Base\uSkinGIFImage.pas"/>
        <DCCReference Include="..\OrangeProjectCommon\OrangeUI\Source\Base\uBaseHttpControl.pas"/>
        <DCCReference Include="..\OrangeProjectCommon\OrangeUI\Source\Base\uBaseList.pas"/>
        <DCCReference Include="..\OrangeProjectCommon\OrangeUI\Source\Base\uBaseLog.pas"/>
        <DCCReference Include="..\OrangeProjectCommon\OrangeUI\Source\Base\uFileCommon.pas"/>
        <DCCReference Include="..\OrangeProjectCommon\OrangeUI\Source\Base\uFuncCommon.pas"/>
        <DCCReference Include="..\OrangeProjectCommon\OrangeUI\Source\Base\uTimerTask.pas"/>
        <DCCReference Include="..\OrangeUISecretSource\Base\uComponentType.pas"/>
        <DCCReference Include="..\OrangeUISecretSource\Base\uSkinPackage.pas"/>
        <DCCReference Include="..\OrangeUISecretSource\Base\uVersion.pas"/>
        <DCCReference Include="Source\Controls\uSkinCalloutRectType.pas"/>
        <DCCReference Include="Source\Controls\uProcessNativeControlModalShowPanel.pas"/>
        <None Include="Source\Controls\FireMonkey\FMXTimeEdit.inc"/>
        <None Include="Source\Controls\FireMonkey\FMXPopup.inc"/>
        <None Include="Source\Controls\FireMonkey\FMXComboEdit.inc"/>
        <None Include="Source\Controls\FireMonkey\FMXDateEdit.inc"/>
        <None Include="Source\Controls\FireMonkey\FMXComboBox.inc"/>
        <None Include="Source\Controls\FireMonkey\FMXMemo.inc"/>
        <None Include="Source\Controls\FireMonkey\FMXEdit.inc"/>
        <None Include="Source\Controls\FireMonkey\FireMonkey.inc"/>
        <None Include="Source\Controls\INC\FMX\ISkinControl_Control_Impl_Mouse_Declare_FMX.inc"/>
        <None Include="Source\Controls\INC\FMX\ISkinControl_Caption_Impl_Declare_FMX.inc"/>
        <None Include="Source\Controls\INC\FMX\ISkinControl_Caption_Impl_Code_FMX.inc"/>
        <None Include="Source\Controls\INC\FMX\ISkinControl_Control_Impl_Code_FMX.inc"/>
        <None Include="Source\Controls\INC\FMX\ISkinControl_Control_Impl_Mouse_Code_FMX.inc"/>
        <None Include="Source\Controls\FireMonkey\FMXStyledEdit.inc"/>
        <None Include="Source\Controls\INC\FMX\ISkinEdit_ContentMargin_Styled_Impl_Code_FMX.inc"/>
        <None Include="Source\Controls\INC\FMX\ISkinEdit_ContentMargin_Init_Code_FMX.inc"/>
        <None Include="Source\Controls\INC\FMX\ISkinEdit_Impl_ClassName.inc"/>
        <None Include="Source\Controls\INC\FMX\ISkinEdit_UseDefaultStyle_Declare_FMX.inc"/>
        <None Include="Source\Controls\INC\FMX\ISkinEdit_UseDefaultStyle_Edit_Impl_Code_FMX.inc"/>
        <None Include="Source\Controls\INC\FMX\ISkinEdit_UseDefaultStyle_Init_Code_FMX.inc"/>
        <None Include="Source\Controls\INC\FMX\ISkinEdit_ContentMargin_Declare_FMX.inc"/>
        <None Include="Source\Controls\INC\FMX\ISkinEdit_ContentMargin_Edit_Impl_Code_FMX.inc"/>
        <None Include="Source\Controls\INC\FMX\ISkinEdit_UseDefaultStyle_Styled_Impl_Code_FMX.inc"/>
        <None Include="Source\Controls\FireMonkey\FMXStyledComboEdit.inc"/>
        <None Include="Source\Controls\FireMonkey\FMXStyledMemo.inc"/>
        <None Include="Source\Controls\ComponentPlatformsAttribute.inc"/>
        <None Include="Source\Controls\FireMonkey\OUIBaseFMXControl.inc"/>
        <None Include="Source\Controls\INC\Common\ISkinComponent_Author_Declare.inc"/>
        <None Include="Source\Controls\INC\Common\ISkinComponent_BaseSkinControl_Skin_Impl_ClassName.inc"/>
        <None Include="Source\Controls\INC\Common\ISkinComponent_BaseSkinControl_Skin_Impl_Create_Code.inc"/>
        <None Include="Source\Controls\INC\Common\ISkinComponent_BaseSkinControl_Skin_Impl_Destroy_Code.inc"/>
        <None Include="Source\Controls\INC\Common\ISkinComponent_BaseSkinControl_Skin_Impl_Field_Code.inc"/>
        <None Include="Source\Controls\INC\Common\ISkinComponent_BaseSkinControl_Skin_Impl_Field_Declare.inc"/>
        <None Include="Source\Controls\INC\Common\ISkinComponent_BaseSkinControl_Skin_Impl_Loaded_Code.inc"/>
        <None Include="Source\Controls\INC\Common\ISkinComponent_BaseSkinControl_Skin_Impl_Property_Declare.inc"/>
        <None Include="Source\Controls\INC\Common\ISkinComponent_Control_Properties_Impl_Code.inc"/>
        <None Include="Source\Controls\INC\Common\ISkinComponent_Properties_Impl_Code.inc"/>
        <None Include="Source\Controls\INC\Common\ISkinComponent_Properties_Impl_Declare.inc"/>
        <None Include="Source\Controls\INC\Common\ISkinComponent_Skin_Impl_ClassName.inc"/>
        <None Include="Source\Controls\INC\Common\ISkinComponent_Skin_Impl_Create_Code.inc"/>
        <None Include="Source\Controls\INC\Common\ISkinComponent_Skin_Impl_Destroy_Code.inc"/>
        <None Include="Source\Controls\INC\Common\ISkinComponent_Skin_Impl_Field_Code.inc"/>
        <None Include="Source\Controls\INC\Common\ISkinComponent_Skin_Impl_Field_Declare.inc"/>
        <None Include="Source\Controls\INC\Common\ISkinComponent_Skin_Impl_Loaded_Code.inc"/>
        <None Include="Source\Controls\INC\Common\ISkinComponent_Skin_Impl_Property_Declare.inc"/>
        <None Include="Source\Controls\INC\Common\ISkinControl_Control_Impl_ClassName.inc"/>
        <None Include="Source\Controls\INC\Common\ISkinControl_Control_Impl_ClassUnit.inc"/>
        <None Include="Source\Controls\INC\Common\ISkinControl_Control_Impl_Common_Code.inc"/>
        <None Include="Source\Controls\INC\Common\ISkinControl_Control_Impl_Common_Declare.inc"/>
        <None Include="Source\Controls\INC\Common\ISkinControl_Control_Impl_DirectUI_Code.inc"/>
        <None Include="Source\Controls\INC\Common\ISkinControl_Control_Impl_DirectUI_Declare.inc"/>
        <None Include="Source\Controls\INC\Common\ISkinControl_Control_Impl_Mouse_Code.inc"/>
        <None Include="Source\Controls\INC\Common\ISkinControl_Control_Impl_Mouse_Declare.inc"/>
        <None Include="Source\Controls\INC\Common\ISkinControl_Declare.inc"/>
        <None Include="Source\Controls\INC\Common\ISkinControl_Image_Impl_ClassUnit.inc"/>
        <None Include="Source\Controls\INC\Common\ISkinControl_ScrollControl_Impl_ClassUnit.inc"/>
        <None Include="Source\Controls\INC\Common\ISkinComponent_Author_Code.inc"/>
        <BuildConfiguration Include="Debug">
            <Key>Cfg_2</Key>
            <CfgParent>Base</CfgParent>
        </BuildConfiguration>
        <BuildConfiguration Include="Base">
            <Key>Base</Key>
        </BuildConfiguration>
        <BuildConfiguration Include="Release">
            <Key>Cfg_1</Key>
            <CfgParent>Base</CfgParent>
        </BuildConfiguration>
    </ItemGroup>
    <ProjectExtensions>
        <Borland.Personality>Delphi.Personality.12</Borland.Personality>
        <Borland.ProjectType>Package</Borland.ProjectType>
        <BorlandProject>
            <Delphi.Personality>
                <Source>
                    <Source Name="MainSource">OrangeUIControl_FMX_XE10.dpk</Source>
                </Source>
                <Excluded_Packages>
                    <Excluded_Packages Name="$(BDSBIN)\dcloffice2k240.bpl">Microsoft Office 2000 Sample Automation Server Wrapper Components</Excluded_Packages>
                    <Excluded_Packages Name="$(BDSBIN)\dclofficexp240.bpl">Microsoft Office XP Sample Automation Server Wrapper Components</Excluded_Packages>
                </Excluded_Packages>
            </Delphi.Personality>
            <Platforms>
                <Platform value="Android">True</Platform>
                <Platform value="iOSDevice32">True</Platform>
                <Platform value="iOSDevice64">True</Platform>
                <Platform value="iOSSimulator">True</Platform>
                <Platform value="Win32">True</Platform>
            </Platforms>
            <Deployment Version="2">
                <DeployFile LocalName="$(BDS)\Redist\osx32\libcgunwind.1.0.dylib" Class="DependencyModule">
                    <Platform Name="OSX32">
                        <Overwrite>true</Overwrite>
                    </Platform>
                </DeployFile>
                <DeployFile LocalName="$(BDS)\Redist\OSX32\bplrtl220.dylib" Configuration="Release" Class="DependencyPackage">
                    <Platform Name="OSX32">
                        <Overwrite>true</Overwrite>
                    </Platform>
                </DeployFile>
                <DeployFile LocalName="..\OrangeUIPublish\OrangeUIDesign\DCU\FMX\XE8\OSX32\Release\bplOrangeUIControl_FMX_XE10.dylib" Configuration="Release" Class="ProjectOutput">
                    <Platform Name="OSX32">
                        <RemoteName>bplOrangeUIControl_FMX_XE10.dylib</RemoteName>
                        <Overwrite>true</Overwrite>
                    </Platform>
                </DeployFile>
                <DeployFile LocalName="..\OrangeUIDesign\DCU\FMX\XE10\Win32\Debug\OrangeUIControl_FMX_XE10.bpl" Configuration="Debug" Class="ProjectOutput">
                    <Platform Name="Win32">
                        <RemoteName>OrangeUIControl_FMX_XE10.bpl</RemoteName>
                        <Overwrite>true</Overwrite>
                    </Platform>
                </DeployFile>
                <DeployFile LocalName="$(BDS)\Redist\iossimulator\libPCRE.dylib" Class="DependencyModule">
                    <Platform Name="iOSSimulator">
                        <Overwrite>true</Overwrite>
                    </Platform>
                </DeployFile>
                <DeployFile LocalName="$(BDS)\Redist\iossim32\libcgunwind.1.0.dylib" Class="DependencyModule">
                    <Platform Name="iOSSimulator">
                        <Overwrite>true</Overwrite>
                    </Platform>
                </DeployFile>
                <DeployFile LocalName="$(BDS)\Redist\OSX32\bplfmx220.dylib" Configuration="Release" Class="DependencyPackage">
                    <Platform Name="OSX32">
                        <Overwrite>true</Overwrite>
                    </Platform>
                </DeployFile>
                <DeployFile LocalName="$(BDS)\Redist\iossimulator\libcgunwind.1.0.dylib" Class="DependencyModule">
                    <Platform Name="iOSSimulator">
                        <Overwrite>true</Overwrite>
                    </Platform>
                </DeployFile>
                <DeployFile LocalName="$(BDS)\Redist\osx32\libcgsqlite3.dylib" Class="DependencyModule">
                    <Platform Name="OSX32">
                        <Overwrite>true</Overwrite>
                    </Platform>
                </DeployFile>
                <DeployClass Name="DependencyModule">
                    <Platform Name="Win32">
                        <Operation>0</Operation>
                        <Extensions>.dll;.bpl</Extensions>
                    </Platform>
                    <Platform Name="OSX32">
                        <Operation>1</Operation>
                        <Extensions>.dylib</Extensions>
                    </Platform>
                </DeployClass>
                <DeployClass Name="ProjectOSXResource">
                    <Platform Name="OSX32">
                        <RemoteDir>Contents\Resources</RemoteDir>
                        <Operation>1</Operation>
                    </Platform>
                </DeployClass>
                <DeployClass Name="AndroidClassesDexFile">
                    <Platform Name="Android">
                        <RemoteDir>classes</RemoteDir>
                        <Operation>1</Operation>
                    </Platform>
                </DeployClass>
                <DeployClass Name="Android_LauncherIcon144">
                    <Platform Name="Android">
                        <RemoteDir>res\drawable-xxhdpi</RemoteDir>
                        <Operation>1</Operation>
                    </Platform>
                </DeployClass>
                <DeployClass Name="AdditionalDebugSymbols">
                    <Platform Name="Win32">
                        <RemoteDir>Contents\MacOS</RemoteDir>
                        <Operation>0</Operation>
                    </Platform>
                    <Platform Name="OSX32">
                        <Operation>1</Operation>
                    </Platform>
                </DeployClass>
                <DeployClass Name="AndroidLibnativeMipsFile">
                    <Platform Name="Android">
                        <RemoteDir>library\lib\mips</RemoteDir>
                        <Operation>1</Operation>
                    </Platform>
                </DeployClass>
                <DeployClass Name="iPad_Launch768">
                    <Platform Name="iOSSimulator">
                        <Operation>1</Operation>
                    </Platform>
                    <Platform Name="iOSDevice64">
                        <Operation>1</Operation>
                    </Platform>
                    <Platform Name="iOSDevice32">
                        <Operation>1</Operation>
                    </Platform>
                </DeployClass>
                <DeployClass Required="true" Name="ProjectOutput">
                    <Platform Name="Win32">
                        <Operation>0</Operation>
                    </Platform>
                    <Platform Name="iOSDevice64">
                        <Operation>1</Operation>
                    </Platform>
                    <Platform Name="OSX32">
                        <Operation>1</Operation>
                    </Platform>
                    <Platform Name="iOSDevice32">
                        <Operation>1</Operation>
                    </Platform>
                    <Platform Name="Android">
                        <RemoteDir>library\lib\armeabi-v7a</RemoteDir>
                        <Operation>1</Operation>
                    </Platform>
                    <Platform Name="iOSSimulator">
                        <Operation>1</Operation>
                    </Platform>
                </DeployClass>
                <DeployClass Name="DependencyFramework">
                    <Platform Name="Win32">
                        <Operation>0</Operation>
                    </Platform>
                    <Platform Name="OSX32">
                        <Operation>1</Operation>
                        <Extensions>.framework</Extensions>
                    </Platform>
                </DeployClass>
                <DeployClass Name="ProjectUWPManifest">
                    <Platform Name="Win32">
                        <Operation>1</Operation>
                    </Platform>
                    <Platform Name="Win64">
                        <Operation>1</Operation>
                    </Platform>
                </DeployClass>
                <DeployClass Name="iPhone_Launch640">
                    <Platform Name="iOSSimulator">
                        <Operation>1</Operation>
                    </Platform>
                    <Platform Name="iOSDevice64">
                        <Operation>1</Operation>
                    </Platform>
                    <Platform Name="iOSDevice32">
                        <Operation>1</Operation>
                    </Platform>
                </DeployClass>
                <DeployClass Name="AndroidLibnativeX86File">
                    <Platform Name="Android">
                        <RemoteDir>library\lib\x86</RemoteDir>
                        <Operation>1</Operation>
                    </Platform>
                </DeployClass>
                <DeployClass Name="ProjectiOSDeviceDebug">
                    <Platform Name="iOSDevice64">
                        <RemoteDir>..\$(PROJECTNAME).app.dSYM\Contents\Resources\DWARF</RemoteDir>
                        <Operation>1</Operation>
                    </Platform>
                    <Platform Name="iOSDevice32">
                        <RemoteDir>..\$(PROJECTNAME).app.dSYM\Contents\Resources\DWARF</RemoteDir>
                        <Operation>1</Operation>
                    </Platform>
                </DeployClass>
                <DeployClass Name="iPad_Launch1024">
                    <Platform Name="iOSSimulator">
                        <Operation>1</Operation>
                    </Platform>
                    <Platform Name="iOSDevice64">
                        <Operation>1</Operation>
                    </Platform>
                    <Platform Name="iOSDevice32">
                        <Operation>1</Operation>
                    </Platform>
                </DeployClass>
                <DeployClass Name="iPhone_Launch320">
                    <Platform Name="iOSSimulator">
                        <Operation>1</Operation>
                    </Platform>
                    <Platform Name="iOSDevice64">
                        <Operation>1</Operation>
                    </Platform>
                    <Platform Name="iOSDevice32">
                        <Operation>1</Operation>
                    </Platform>
                </DeployClass>
                <DeployClass Name="ProjectiOSInfoPList"/>
                <DeployClass Name="AndroidLibnativeArmeabiFile">
                    <Platform Name="Android">
                        <RemoteDir>library\lib\armeabi</RemoteDir>
                        <Operation>1</Operation>
                    </Platform>
                </DeployClass>
                <DeployClass Name="DebugSymbols">
                    <Platform Name="Win32">
                        <Operation>0</Operation>
                    </Platform>
                    <Platform Name="iOSSimulator">
                        <Operation>1</Operation>
                    </Platform>
                    <Platform Name="OSX32">
                        <Operation>1</Operation>
                    </Platform>
                </DeployClass>
                <DeployClass Name="iPad_Launch1536">
                    <Platform Name="iOSSimulator">
                        <Operation>1</Operation>
                    </Platform>
                    <Platform Name="iOSDevice64">
                        <Operation>1</Operation>
                    </Platform>
                    <Platform Name="iOSDevice32">
                        <Operation>1</Operation>
                    </Platform>
                </DeployClass>
                <DeployClass Name="Android_SplashImage470">
                    <Platform Name="Android">
                        <RemoteDir>res\drawable-normal</RemoteDir>
                        <Operation>1</Operation>
                    </Platform>
                </DeployClass>
                <DeployClass Name="Android_LauncherIcon96">
                    <Platform Name="Android">
                        <RemoteDir>res\drawable-xhdpi</RemoteDir>
                        <Operation>1</Operation>
                    </Platform>
                </DeployClass>
                <DeployClass Name="Android_SplashImage640">
                    <Platform Name="Android">
                        <RemoteDir>res\drawable-large</RemoteDir>
                        <Operation>1</Operation>
                    </Platform>
                </DeployClass>
                <DeployClass Name="iPhone_Launch640x1136">
                    <Platform Name="iOSSimulator">
                        <Operation>1</Operation>
                    </Platform>
                    <Platform Name="iOSDevice64">
                        <Operation>1</Operation>
                    </Platform>
                    <Platform Name="iOSDevice32">
                        <Operation>1</Operation>
                    </Platform>
                </DeployClass>
                <DeployClass Name="UWP_DelphiLogo44">
                    <Platform Name="Win32">
                        <RemoteDir>Assets</RemoteDir>
                        <Operation>1</Operation>
                    </Platform>
                    <Platform Name="Win64">
                        <RemoteDir>Assets</RemoteDir>
                        <Operation>1</Operation>
                    </Platform>
                </DeployClass>
                <DeployClass Name="ProjectiOSEntitlements"/>
                <DeployClass Name="AndroidGDBServer">
                    <Platform Name="Android">
                        <RemoteDir>library\lib\armeabi-v7a</RemoteDir>
                        <Operation>1</Operation>
                    </Platform>
                </DeployClass>
                <DeployClass Name="Android_LauncherIcon72">
                    <Platform Name="Android">
                        <RemoteDir>res\drawable-hdpi</RemoteDir>
                        <Operation>1</Operation>
                    </Platform>
                </DeployClass>
                <DeployClass Name="ProjectOSXInfoPList"/>
                <DeployClass Name="ProjectOSXEntitlements"/>
                <DeployClass Name="UWP_DelphiLogo150">
                    <Platform Name="Win32">
                        <RemoteDir>Assets</RemoteDir>
                        <Operation>1</Operation>
                    </Platform>
                    <Platform Name="Win64">
                        <RemoteDir>Assets</RemoteDir>
                        <Operation>1</Operation>
                    </Platform>
                </DeployClass>
                <DeployClass Name="iPad_Launch2048">
                    <Platform Name="iOSSimulator">
                        <Operation>1</Operation>
                    </Platform>
                    <Platform Name="iOSDevice64">
                        <Operation>1</Operation>
                    </Platform>
                    <Platform Name="iOSDevice32">
                        <Operation>1</Operation>
                    </Platform>
                </DeployClass>
                <DeployClass Name="AndroidSplashStyles">
                    <Platform Name="Android">
                        <RemoteDir>res\values</RemoteDir>
                        <Operation>1</Operation>
                    </Platform>
                </DeployClass>
                <DeployClass Name="Android_SplashImage426">
                    <Platform Name="Android">
                        <RemoteDir>res\drawable-small</RemoteDir>
                        <Operation>1</Operation>
                    </Platform>
                </DeployClass>
                <DeployClass Name="AndroidSplashImageDef">
                    <Platform Name="Android">
                        <RemoteDir>res\drawable</RemoteDir>
                        <Operation>1</Operation>
                    </Platform>
                </DeployClass>
                <DeployClass Name="ProjectiOSResource">
                    <Platform Name="iOSSimulator">
                        <Operation>1</Operation>
                    </Platform>
                    <Platform Name="iOSDevice64">
                        <Operation>1</Operation>
                    </Platform>
                    <Platform Name="iOSDevice32">
                        <Operation>1</Operation>
                    </Platform>
                </DeployClass>
                <DeployClass Name="ProjectAndroidManifest">
                    <Platform Name="Android">
                        <Operation>1</Operation>
                    </Platform>
                </DeployClass>
                <DeployClass Name="Android_DefaultAppIcon">
                    <Platform Name="Android">
                        <RemoteDir>res\drawable</RemoteDir>
                        <Operation>1</Operation>
                    </Platform>
                </DeployClass>
                <DeployClass Name="File">
                    <Platform Name="Win32">
                        <Operation>0</Operation>
                    </Platform>
                    <Platform Name="iOSDevice64">
                        <Operation>0</Operation>
                    </Platform>
                    <Platform Name="OSX32">
                        <Operation>0</Operation>
                    </Platform>
                    <Platform Name="iOSDevice32">
                        <Operation>0</Operation>
                    </Platform>
                    <Platform Name="Android">
                        <Operation>0</Operation>
                    </Platform>
                    <Platform Name="iOSSimulator">
                        <Operation>0</Operation>
                    </Platform>
                </DeployClass>
                <DeployClass Name="AndroidServiceOutput">
                    <Platform Name="Android">
                        <RemoteDir>library\lib\armeabi-v7a</RemoteDir>
                        <Operation>1</Operation>
                    </Platform>
                </DeployClass>
                <DeployClass Required="true" Name="DependencyPackage">
                    <Platform Name="Win32">
                        <Operation>0</Operation>
                        <Extensions>.bpl</Extensions>
                    </Platform>
                    <Platform Name="iOSDevice64">
                        <Operation>1</Operation>
                        <Extensions>.dylib</Extensions>
                    </Platform>
                    <Platform Name="OSX32">
                        <Operation>1</Operation>
                        <Extensions>.dylib</Extensions>
                    </Platform>
                    <Platform Name="iOSDevice32">
                        <Operation>1</Operation>
                        <Extensions>.dylib</Extensions>
                    </Platform>
                    <Platform Name="iOSSimulator">
                        <Operation>1</Operation>
                        <Extensions>.dylib</Extensions>
                    </Platform>
                </DeployClass>
                <DeployClass Name="Android_LauncherIcon48">
                    <Platform Name="Android">
                        <RemoteDir>res\drawable-mdpi</RemoteDir>
                        <Operation>1</Operation>
                    </Platform>
                </DeployClass>
                <DeployClass Name="Android_SplashImage960">
                    <Platform Name="Android">
                        <RemoteDir>res\drawable-xlarge</RemoteDir>
                        <Operation>1</Operation>
                    </Platform>
                </DeployClass>
                <DeployClass Name="Android_LauncherIcon36">
                    <Platform Name="Android">
                        <RemoteDir>res\drawable-ldpi</RemoteDir>
                        <Operation>1</Operation>
                    </Platform>
                </DeployClass>
                <DeployClass Name="ProjectiOSDeviceResourceRules"/>
                <ProjectRoot Platform="iOSDevice64" Name="$(PROJECTNAME).app"/>
                <ProjectRoot Platform="Win64" Name="$(PROJECTNAME)"/>
                <ProjectRoot Platform="iOSDevice32" Name="$(PROJECTNAME).app"/>
                <ProjectRoot Platform="Win32" Name="$(PROJECTNAME)"/>
                <ProjectRoot Platform="Linux64" Name="$(PROJECTNAME)"/>
                <ProjectRoot Platform="OSX32" Name="$(PROJECTNAME)"/>
                <ProjectRoot Platform="Android" Name="$(PROJECTNAME)"/>
                <ProjectRoot Platform="iOSSimulator" Name="$(PROJECTNAME).app"/>
            </Deployment>
            <ModelSupport>False</ModelSupport>
        </BorlandProject>
        <ProjectFileVersion>12</ProjectFileVersion>
    </ProjectExtensions>
    <Import Project="$(BDS)\Bin\CodeGear.Delphi.Targets" Condition="Exists('$(BDS)\Bin\CodeGear.Delphi.Targets')"/>
    <Import Project="$(APPDATA)\Embarcadero\$(BDSAPPDATABASEDIR)\$(PRODUCTVERSION)\UserTools.proj" Condition="Exists('$(APPDATA)\Embarcadero\$(BDSAPPDATABASEDIR)\$(PRODUCTVERSION)\UserTools.proj')"/>
    <Import Project="$(MSBuildProjectName).deployproj" Condition="Exists('$(MSBuildProjectName).deployproj')"/>
</Project>
