	<Project xmlns="http://schemas.microsoft.com/developer/msbuild/2003">
		<PropertyGroup>
			<ProjectGuid>{C997A465-864F-4822-97E4-E26999039056}</ProjectGuid>
			<MainSource>OrangeUIDesign_VCL_D2010.dpk</MainSource>
			<ProjectVersion>18.8</ProjectVersion>
			<FrameworkType>FMX</FrameworkType>
			<Base>True</Base>
			<Config Condition="'$(Config)'==''">Debug</Config>
			<Platform Condition="'$(Platform)'==''">Win32</Platform>
			<TargetedPlatforms>1</TargetedPlatforms>
			<AppType>Package</AppType>
			<DCC_DCCCompiler>DCC32</DCC_DCCCompiler>
		</PropertyGroup>
		<PropertyGroup Condition="'$(Config)'=='Base' or '$(Base)'!=''">
			<Base>true</Base>
		</PropertyGroup>
		<PropertyGroup Condition="'$(Config)'=='Debug' or '$(Cfg_1)'!=''">
			<Cfg_1>true</Cfg_1>
			<CfgParent>Base</CfgParent>
			<Base>true</Base>
		</PropertyGroup>
		<PropertyGroup Condition="'$(Config)'=='Release' or '$(Cfg_2)'!=''">
			<Cfg_2>true</Cfg_2>
			<CfgParent>Base</CfgParent>
			<Base>true</Base>
		</PropertyGroup>
		<PropertyGroup Condition="'$(Base)'!=''">
			<DCC_DcpOutput>..\OrangeUIDesign\DCU\VCL\D2010\</DCC_DcpOutput>
			<DCC_BplOutput>..\OrangeUIDesign\DCU\VCL\D2010\</DCC_BplOutput>
			<DCC_OutputDRCFile>true</DCC_OutputDRCFile>
			<DCC_DependencyCheckOutputName>DCU\VCL\D2010\OrangeUIDesign_VCL_D2010.bpl</DCC_DependencyCheckOutputName>
			<DCC_ImageBase>00400000</DCC_ImageBase>
			<DesignOnlyPackage>false</DesignOnlyPackage>
			<VerInfo_Keys>CompanyName=;FileDescription=;FileVersion=1.0.0.0;InternalName=;LegalCopyright=;LegalTrademarks=;OriginalFilename=;ProductName=;ProductVersion=1.0.0.0;Comments=</VerInfo_Keys>
			<SanitizedProjectName>OrangeUIDesign_VCL_D10_3</SanitizedProjectName>
			<DCC_UnitSearchPath>.\DCU\VCL\D2010;..\OrangeProjectCommon\SuperObject;$(DCC_UnitSearchPath)</DCC_UnitSearchPath>
			<DCC_CBuilderOutput>All</DCC_CBuilderOutput>
			<GenDll>true</GenDll>
			<VerInfo_Locale>2052</VerInfo_Locale>
			<GenPackage>true</GenPackage>
			<DCC_Namespace>Winapi;System.Win;Data.Win;Datasnap.Win;Web.Win;Soap.Win;Xml.Win;Bde;System;Xml;Data;Datasnap;Web;Soap;VCL;Vcl.Imaging;$(DCC_Namespace)</DCC_Namespace>
			<DCC_DcuOutput>..\OrangeUIDesign\DCU\VCL\D2010\</DCC_DcuOutput>
			<DCC_ExeOutput>.\$(Platform)\$(Config)</DCC_ExeOutput>
			<DCC_E>false</DCC_E>
			<DCC_N>false</DCC_N>
			<DCC_S>false</DCC_S>
			<DCC_F>false</DCC_F>
			<DCC_K>false</DCC_K>
		</PropertyGroup>
		<PropertyGroup Condition="'$(Cfg_1)'!=''">
			<DCC_Define>DEBUG;$(DCC_Define)</DCC_Define>
			<DCC_DebugDCUs>true</DCC_DebugDCUs>
			<DCC_Optimize>false</DCC_Optimize>
			<DCC_GenerateStackFrames>true</DCC_GenerateStackFrames>
			<DCC_DebugInfoInExe>true</DCC_DebugInfoInExe>
			<DCC_RemoteDebug>true</DCC_RemoteDebug>
		</PropertyGroup>
		<PropertyGroup Condition="'$(Cfg_2)'!=''">
			<DCC_LocalDebugSymbols>false</DCC_LocalDebugSymbols>
			<DCC_Define>RELEASE;$(DCC_Define)</DCC_Define>
			<DCC_SymbolReferenceInfo>0</DCC_SymbolReferenceInfo>
			<DCC_DebugInformation>0</DCC_DebugInformation>
		</PropertyGroup>
		<ItemGroup>
			<DelphiCompile Include="OrangeUIDesign_VCL_D2010.dpk">
				<MainSource>MainSource</MainSource>
			</DelphiCompile>
			<DCCReference Include="rtl.dcp"/>
			<DCCReference Include="DesignIde.dcp"/>
			<DCCReference Include="vclie.dcp"/>
			<DCCReference Include="dbrtl.dcp"/>
			<DCCReference Include="VclSmp.dcp"/>
			<DCCReference Include="vclimg.dcp"/>
			<DCCReference Include="IndyCore.dcp"/>
			<DCCReference Include="IndySystem.dcp"/>
			<DCCReference Include="IndyProtocols.dcp"/>
			<DCCReference Include="Source\uSkinPageControlEditor.pas"/>
			<DCCReference Include="Source\uSkinButtonGroupEditor.pas"/>
			<DCCReference Include="Source\uSkinAnimatorEditor.pas"/>
			<DCCReference Include="Source\uLanguage.pas"/>
			<DCCReference Include="Source\uComponentTypeNameEditor.pas"/>
			<DCCReference Include="Source\uSkinControlRegister.pas"/>
			<DCCReference Include="Source\uDrawPictureEditor.pas"/>
			<DCCReference Include="Source\uSkinImageListEditor.pas"/>
			<DCCReference Include="Source\uSkinItemsEditor.pas"/>
			<DCCReference Include="Source\VCL_DrawPicturePropertyEditorForm.pas">
				<FormType>dfm</FormType>
				<Form>frmDrawPicturePropertyEditor</Form>
			</DCCReference>
			<DCCReference Include="Source\VCL_SkinPictureListPropertyEditorForm.pas">
				<FormType>dfm</FormType>
				<Form>frmSkinPictureListPropertyEditor</Form>
			</DCCReference>
			<DCCReference Include="Source\VCL_SkinItemsPropertyeditorForm.pas"/>
			<BuildConfiguration Include="Base">
				<Key>Base</Key>
			</BuildConfiguration>
			<BuildConfiguration Include="Release">
				<Key>Cfg_2</Key>
				<CfgParent>Base</CfgParent>
			</BuildConfiguration>
			<BuildConfiguration Include="Debug">
				<Key>Cfg_1</Key>
				<CfgParent>Base</CfgParent>
			</BuildConfiguration>
		</ItemGroup>
		<Import Project="$(BDS)\Bin\CodeGear.Delphi.Targets" Condition="Exists('$(BDS)\Bin\CodeGear.Delphi.Targets')"/>
		<ProjectExtensions>
			<Borland.Personality>Delphi.Personality.12</Borland.Personality>
			<Borland.ProjectType>Package</Borland.ProjectType>
			<BorlandProject>
				<Delphi.Personality>
					<Source>
						<Source Name="MainSource">OrangeUIDesign_VCL_D2010.dpk</Source>
					</Source>
					<Excluded_Packages/>
					<Parameters>
						<Parameters Name="UseLauncher">False</Parameters>
						<Parameters Name="LoadAllSymbols">True</Parameters>
						<Parameters Name="LoadUnspecifiedSymbols">False</Parameters>
					</Parameters>
					<VersionInfo>
						<VersionInfo Name="IncludeVerInfo">True</VersionInfo>
						<VersionInfo Name="AutoIncBuild">False</VersionInfo>
						<VersionInfo Name="MajorVer">1</VersionInfo>
						<VersionInfo Name="MinorVer">0</VersionInfo>
						<VersionInfo Name="Release">0</VersionInfo>
						<VersionInfo Name="Build">0</VersionInfo>
						<VersionInfo Name="Debug">False</VersionInfo>
						<VersionInfo Name="PreRelease">False</VersionInfo>
						<VersionInfo Name="Special">False</VersionInfo>
						<VersionInfo Name="Private">False</VersionInfo>
						<VersionInfo Name="DLL">False</VersionInfo>
						<VersionInfo Name="Locale">1033</VersionInfo>
						<VersionInfo Name="CodePage">1252</VersionInfo>
					</VersionInfo>
					<VersionInfoKeys>
						<VersionInfoKeys Name="CompanyName"/>
						<VersionInfoKeys Name="FileDescription">OrangeUIDesign_VCL_D10_3</VersionInfoKeys>
						<VersionInfoKeys Name="FileVersion">1.0.0.0</VersionInfoKeys>
						<VersionInfoKeys Name="InternalName"/>
						<VersionInfoKeys Name="LegalCopyright"/>
						<VersionInfoKeys Name="LegalTrademarks"/>
						<VersionInfoKeys Name="OriginalFilename"/>
						<VersionInfoKeys Name="ProductName">OrangeUIDesign_VCL_D10_3</VersionInfoKeys>
						<VersionInfoKeys Name="ProductVersion">1.0.0.0</VersionInfoKeys>
						<VersionInfoKeys Name="Comments"/>
						<VersionInfoKeys Name="ProgramID">com.embarcadero.OrangeUIDesign_VCL_D10_3</VersionInfoKeys>
					</VersionInfoKeys>
				</Delphi.Personality>
				<Deployment Version="3">
					<DeployFile Class="DependencyModule" LocalName="$(BDS)\Redist\osx32\libcgunwind.1.0.dylib">
						<Platform Name="OSX32">
							<Overwrite>true</Overwrite>
						</Platform>
					</DeployFile>
					<DeployFile Class="DependencyModule" LocalName="$(BDS)\Redist\iossimulator\libcgunwind.1.0.dylib">
						<Platform Name="iOSSimulator">
							<Overwrite>true</Overwrite>
						</Platform>
					</DeployFile>
					<DeployFile Class="DependencyModule" LocalName="$(BDS)\Redist\iossimulator\libPCRE.dylib">
						<Platform Name="iOSSimulator">
							<Overwrite>true</Overwrite>
						</Platform>
					</DeployFile>
					<DeployFile Class="DependencyModule" LocalName="$(BDS)\Redist\osx32\libcgsqlite3.dylib">
						<Platform Name="OSX32">
							<Overwrite>true</Overwrite>
						</Platform>
					</DeployFile>
					<DeployFile Class="ProjectOutput" LocalName="C:\Users\Public\Documents\Embarcadero\Studio\20.0\Bpl\OrangeUIDesign_VCL_D10_3.bpl" Configuration="Debug">
						<Platform Name="Win32">
							<RemoteName>OrangeUIDesign_VCL_D10_3.bpl</RemoteName>
							<Overwrite>true</Overwrite>
						</Platform>
					</DeployFile>
					<DeployFile Class="DependencyModule" LocalName="$(BDS)\Redist\iossimulator\libpcre.dylib">
						<Platform Name="iOSSimulator">
							<Overwrite>true</Overwrite>
						</Platform>
					</DeployFile>
					<DeployClass Name="AdditionalDebugSymbols">
						<Platform Name="OSX32">
							<Operation>1</Operation>
						</Platform>
						<Platform Name="Win32">
							<Operation>0</Operation>
						</Platform>
					</DeployClass>
					<DeployClass Name="AndroidClassesDexFile">
						<Platform Name="Android">
							<RemoteDir>classes</RemoteDir>
							<Operation>1</Operation>
						</Platform>
						<Platform Name="Android64">
							<RemoteDir>classes</RemoteDir>
							<Operation>1</Operation>
						</Platform>
					</DeployClass>
					<DeployClass Name="AndroidFileProvider">
						<Platform Name="Android">
							<RemoteDir>res\xml</RemoteDir>
							<Operation>1</Operation>
						</Platform>
						<Platform Name="Android64">
							<RemoteDir>res\xml</RemoteDir>
							<Operation>1</Operation>
						</Platform>
					</DeployClass>
					<DeployClass Name="AndroidGDBServer">
						<Platform Name="Android">
							<RemoteDir>library\lib\armeabi-v7a</RemoteDir>
							<Operation>1</Operation>
						</Platform>
					</DeployClass>
					<DeployClass Name="AndroidLibnativeArmeabiFile">
						<Platform Name="Android">
							<RemoteDir>library\lib\armeabi</RemoteDir>
							<Operation>1</Operation>
						</Platform>
						<Platform Name="Android64">
							<RemoteDir>library\lib\armeabi</RemoteDir>
							<Operation>1</Operation>
						</Platform>
					</DeployClass>
					<DeployClass Name="AndroidLibnativeArmeabiv7aFile">
						<Platform Name="Android64">
							<RemoteDir>library\lib\armeabi-v7a</RemoteDir>
							<Operation>1</Operation>
						</Platform>
					</DeployClass>
					<DeployClass Name="AndroidLibnativeMipsFile">
						<Platform Name="Android">
							<RemoteDir>library\lib\mips</RemoteDir>
							<Operation>1</Operation>
						</Platform>
						<Platform Name="Android64">
							<RemoteDir>library\lib\mips</RemoteDir>
							<Operation>1</Operation>
						</Platform>
					</DeployClass>
					<DeployClass Name="AndroidLibnativeX86File"/>
					<DeployClass Name="AndroidServiceOutput">
						<Platform Name="Android">
							<RemoteDir>library\lib\armeabi-v7a</RemoteDir>
							<Operation>1</Operation>
						</Platform>
						<Platform Name="Android64">
							<RemoteDir>library\lib\arm64-v8a</RemoteDir>
							<Operation>1</Operation>
						</Platform>
					</DeployClass>
					<DeployClass Name="AndroidServiceOutput_Android32">
						<Platform Name="Android64">
							<RemoteDir>library\lib\armeabi-v7a</RemoteDir>
							<Operation>1</Operation>
						</Platform>
					</DeployClass>
					<DeployClass Name="AndroidSplashImageDef">
						<Platform Name="Android">
							<RemoteDir>res\drawable</RemoteDir>
							<Operation>1</Operation>
						</Platform>
						<Platform Name="Android64">
							<RemoteDir>res\drawable</RemoteDir>
							<Operation>1</Operation>
						</Platform>
					</DeployClass>
					<DeployClass Name="AndroidSplashStyles">
						<Platform Name="Android">
							<RemoteDir>res\values</RemoteDir>
							<Operation>1</Operation>
						</Platform>
						<Platform Name="Android64">
							<RemoteDir>res\values</RemoteDir>
							<Operation>1</Operation>
						</Platform>
					</DeployClass>
					<DeployClass Name="AndroidSplashStylesV21">
						<Platform Name="Android">
							<RemoteDir>res\values-v21</RemoteDir>
							<Operation>1</Operation>
						</Platform>
						<Platform Name="Android64">
							<RemoteDir>res\values-v21</RemoteDir>
							<Operation>1</Operation>
						</Platform>
					</DeployClass>
					<DeployClass Name="Android_Colors">
						<Platform Name="Android">
							<RemoteDir>res\values</RemoteDir>
							<Operation>1</Operation>
						</Platform>
						<Platform Name="Android64">
							<RemoteDir>res\values</RemoteDir>
							<Operation>1</Operation>
						</Platform>
					</DeployClass>
					<DeployClass Name="Android_DefaultAppIcon">
						<Platform Name="Android">
							<RemoteDir>res\drawable</RemoteDir>
							<Operation>1</Operation>
						</Platform>
						<Platform Name="Android64">
							<RemoteDir>res\drawable</RemoteDir>
							<Operation>1</Operation>
						</Platform>
					</DeployClass>
					<DeployClass Name="Android_LauncherIcon144">
						<Platform Name="Android">
							<RemoteDir>res\drawable-xxhdpi</RemoteDir>
							<Operation>1</Operation>
						</Platform>
						<Platform Name="Android64">
							<RemoteDir>res\drawable-xxhdpi</RemoteDir>
							<Operation>1</Operation>
						</Platform>
					</DeployClass>
					<DeployClass Name="Android_LauncherIcon36">
						<Platform Name="Android">
							<RemoteDir>res\drawable-ldpi</RemoteDir>
							<Operation>1</Operation>
						</Platform>
						<Platform Name="Android64">
							<RemoteDir>res\drawable-ldpi</RemoteDir>
							<Operation>1</Operation>
						</Platform>
					</DeployClass>
					<DeployClass Name="Android_LauncherIcon48">
						<Platform Name="Android">
							<RemoteDir>res\drawable-mdpi</RemoteDir>
							<Operation>1</Operation>
						</Platform>
						<Platform Name="Android64">
							<RemoteDir>res\drawable-mdpi</RemoteDir>
							<Operation>1</Operation>
						</Platform>
					</DeployClass>
					<DeployClass Name="Android_LauncherIcon72">
						<Platform Name="Android">
							<RemoteDir>res\drawable-hdpi</RemoteDir>
							<Operation>1</Operation>
						</Platform>
						<Platform Name="Android64">
							<RemoteDir>res\drawable-hdpi</RemoteDir>
							<Operation>1</Operation>
						</Platform>
					</DeployClass>
					<DeployClass Name="Android_LauncherIcon96">
						<Platform Name="Android">
							<RemoteDir>res\drawable-xhdpi</RemoteDir>
							<Operation>1</Operation>
						</Platform>
						<Platform Name="Android64">
							<RemoteDir>res\drawable-xhdpi</RemoteDir>
							<Operation>1</Operation>
						</Platform>
					</DeployClass>
					<DeployClass Name="Android_NotificationIcon24">
						<Platform Name="Android">
							<RemoteDir>res\drawable-mdpi</RemoteDir>
							<Operation>1</Operation>
						</Platform>
						<Platform Name="Android64">
							<RemoteDir>res\drawable-mdpi</RemoteDir>
							<Operation>1</Operation>
						</Platform>
					</DeployClass>
					<DeployClass Name="Android_NotificationIcon36">
						<Platform Name="Android">
							<RemoteDir>res\drawable-hdpi</RemoteDir>
							<Operation>1</Operation>
						</Platform>
						<Platform Name="Android64">
							<RemoteDir>res\drawable-hdpi</RemoteDir>
							<Operation>1</Operation>
						</Platform>
					</DeployClass>
					<DeployClass Name="Android_NotificationIcon48">
						<Platform Name="Android">
							<RemoteDir>res\drawable-xhdpi</RemoteDir>
							<Operation>1</Operation>
						</Platform>
						<Platform Name="Android64">
							<RemoteDir>res\drawable-xhdpi</RemoteDir>
							<Operation>1</Operation>
						</Platform>
					</DeployClass>
					<DeployClass Name="Android_NotificationIcon72">
						<Platform Name="Android">
							<RemoteDir>res\drawable-xxhdpi</RemoteDir>
							<Operation>1</Operation>
						</Platform>
						<Platform Name="Android64">
							<RemoteDir>res\drawable-xxhdpi</RemoteDir>
							<Operation>1</Operation>
						</Platform>
					</DeployClass>
					<DeployClass Name="Android_NotificationIcon96">
						<Platform Name="Android">
							<RemoteDir>res\drawable-xxxhdpi</RemoteDir>
							<Operation>1</Operation>
						</Platform>
						<Platform Name="Android64">
							<RemoteDir>res\drawable-xxxhdpi</RemoteDir>
							<Operation>1</Operation>
						</Platform>
					</DeployClass>
					<DeployClass Name="Android_SplashImage426">
						<Platform Name="Android">
							<RemoteDir>res\drawable-small</RemoteDir>
							<Operation>1</Operation>
						</Platform>
						<Platform Name="Android64">
							<RemoteDir>res\drawable-small</RemoteDir>
							<Operation>1</Operation>
						</Platform>
					</DeployClass>
					<DeployClass Name="Android_SplashImage470">
						<Platform Name="Android">
							<RemoteDir>res\drawable-normal</RemoteDir>
							<Operation>1</Operation>
						</Platform>
						<Platform Name="Android64">
							<RemoteDir>res\drawable-normal</RemoteDir>
							<Operation>1</Operation>
						</Platform>
					</DeployClass>
					<DeployClass Name="Android_SplashImage640">
						<Platform Name="Android">
							<RemoteDir>res\drawable-large</RemoteDir>
							<Operation>1</Operation>
						</Platform>
						<Platform Name="Android64">
							<RemoteDir>res\drawable-large</RemoteDir>
							<Operation>1</Operation>
						</Platform>
					</DeployClass>
					<DeployClass Name="Android_SplashImage960">
						<Platform Name="Android">
							<RemoteDir>res\drawable-xlarge</RemoteDir>
							<Operation>1</Operation>
						</Platform>
						<Platform Name="Android64">
							<RemoteDir>res\drawable-xlarge</RemoteDir>
							<Operation>1</Operation>
						</Platform>
					</DeployClass>
					<DeployClass Name="Android_Strings">
						<Platform Name="Android">
							<RemoteDir>res\values</RemoteDir>
							<Operation>1</Operation>
						</Platform>
						<Platform Name="Android64">
							<RemoteDir>res\values</RemoteDir>
							<Operation>1</Operation>
						</Platform>
					</DeployClass>
					<DeployClass Name="DebugSymbols">
						<Platform Name="iOSSimulator">
							<Operation>1</Operation>
						</Platform>
						<Platform Name="OSX32">
							<Operation>1</Operation>
						</Platform>
						<Platform Name="Win32">
							<Operation>0</Operation>
						</Platform>
					</DeployClass>
					<DeployClass Name="DependencyFramework">
						<Platform Name="OSX32">
							<Operation>1</Operation>
							<Extensions>.framework</Extensions>
						</Platform>
						<Platform Name="OSX64">
							<Operation>1</Operation>
							<Extensions>.framework</Extensions>
						</Platform>
						<Platform Name="Win32">
							<Operation>0</Operation>
						</Platform>
					</DeployClass>
					<DeployClass Name="DependencyModule">
						<Platform Name="OSX32">
							<Operation>1</Operation>
							<Extensions>.dylib</Extensions>
						</Platform>
						<Platform Name="OSX64">
							<Operation>1</Operation>
							<Extensions>.dylib</Extensions>
						</Platform>
						<Platform Name="Win32">
							<Operation>0</Operation>
							<Extensions>.dll;.bpl</Extensions>
						</Platform>
					</DeployClass>
					<DeployClass Required="true" Name="DependencyPackage">
						<Platform Name="iOSDevice32">
							<Operation>1</Operation>
							<Extensions>.dylib</Extensions>
						</Platform>
						<Platform Name="iOSDevice64">
							<Operation>1</Operation>
							<Extensions>.dylib</Extensions>
						</Platform>
						<Platform Name="iOSSimulator">
							<Operation>1</Operation>
							<Extensions>.dylib</Extensions>
						</Platform>
						<Platform Name="OSX32">
							<Operation>1</Operation>
							<Extensions>.dylib</Extensions>
						</Platform>
						<Platform Name="OSX64">
							<Operation>1</Operation>
							<Extensions>.dylib</Extensions>
						</Platform>
						<Platform Name="Win32">
							<Operation>0</Operation>
							<Extensions>.bpl</Extensions>
						</Platform>
					</DeployClass>
					<DeployClass Name="File">
						<Platform Name="Android">
							<Operation>0</Operation>
						</Platform>
						<Platform Name="Android64">
							<Operation>0</Operation>
						</Platform>
						<Platform Name="iOSDevice32">
							<Operation>0</Operation>
						</Platform>
						<Platform Name="iOSDevice64">
							<Operation>0</Operation>
						</Platform>
						<Platform Name="iOSSimulator">
							<Operation>0</Operation>
						</Platform>
						<Platform Name="OSX32">
							<Operation>0</Operation>
						</Platform>
						<Platform Name="OSX64">
							<Operation>0</Operation>
						</Platform>
						<Platform Name="Win32">
							<Operation>0</Operation>
						</Platform>
					</DeployClass>
					<DeployClass Name="iPad_Launch1024">
						<Platform Name="iOSDevice32">
							<Operation>1</Operation>
						</Platform>
						<Platform Name="iOSDevice64">
							<Operation>1</Operation>
						</Platform>
						<Platform Name="iOSSimulator">
							<Operation>1</Operation>
						</Platform>
					</DeployClass>
					<DeployClass Name="iPad_Launch1024x768">
						<Platform Name="iOSDevice32">
							<Operation>1</Operation>
						</Platform>
						<Platform Name="iOSDevice64">
							<Operation>1</Operation>
						</Platform>
						<Platform Name="iOSSimulator">
							<Operation>1</Operation>
						</Platform>
					</DeployClass>
					<DeployClass Name="iPad_Launch1536">
						<Platform Name="iOSDevice32">
							<Operation>1</Operation>
						</Platform>
						<Platform Name="iOSDevice64">
							<Operation>1</Operation>
						</Platform>
						<Platform Name="iOSSimulator">
							<Operation>1</Operation>
						</Platform>
					</DeployClass>
					<DeployClass Name="iPad_Launch1536x2048">
						<Platform Name="iOSDevice32">
							<Operation>1</Operation>
						</Platform>
						<Platform Name="iOSDevice64">
							<Operation>1</Operation>
						</Platform>
						<Platform Name="iOSSimulator">
							<Operation>1</Operation>
						</Platform>
					</DeployClass>
					<DeployClass Name="iPad_Launch1668">
						<Platform Name="iOSDevice32">
							<Operation>1</Operation>
						</Platform>
						<Platform Name="iOSDevice64">
							<Operation>1</Operation>
						</Platform>
						<Platform Name="iOSSimulator">
							<Operation>1</Operation>
						</Platform>
					</DeployClass>
					<DeployClass Name="iPad_Launch1668x2388">
						<Platform Name="iOSDevice32">
							<Operation>1</Operation>
						</Platform>
						<Platform Name="iOSDevice64">
							<Operation>1</Operation>
						</Platform>
						<Platform Name="iOSSimulator">
							<Operation>1</Operation>
						</Platform>
					</DeployClass>
					<DeployClass Name="iPad_Launch2048">
						<Platform Name="iOSDevice32">
							<Operation>1</Operation>
						</Platform>
						<Platform Name="iOSDevice64">
							<Operation>1</Operation>
						</Platform>
						<Platform Name="iOSSimulator">
							<Operation>1</Operation>
						</Platform>
					</DeployClass>
					<DeployClass Name="iPad_Launch2048x1536">
						<Platform Name="iOSDevice32">
							<Operation>1</Operation>
						</Platform>
						<Platform Name="iOSDevice64">
							<Operation>1</Operation>
						</Platform>
						<Platform Name="iOSSimulator">
							<Operation>1</Operation>
						</Platform>
					</DeployClass>
					<DeployClass Name="iPad_Launch2048x2732">
						<Platform Name="iOSDevice32">
							<Operation>1</Operation>
						</Platform>
						<Platform Name="iOSDevice64">
							<Operation>1</Operation>
						</Platform>
						<Platform Name="iOSSimulator">
							<Operation>1</Operation>
						</Platform>
					</DeployClass>
					<DeployClass Name="iPad_Launch2224">
						<Platform Name="iOSDevice32">
							<Operation>1</Operation>
						</Platform>
						<Platform Name="iOSDevice64">
							<Operation>1</Operation>
						</Platform>
						<Platform Name="iOSSimulator">
							<Operation>1</Operation>
						</Platform>
					</DeployClass>
					<DeployClass Name="iPad_Launch2388x1668">
						<Platform Name="iOSDevice32">
							<Operation>1</Operation>
						</Platform>
						<Platform Name="iOSDevice64">
							<Operation>1</Operation>
						</Platform>
						<Platform Name="iOSSimulator">
							<Operation>1</Operation>
						</Platform>
					</DeployClass>
					<DeployClass Name="iPad_Launch2732x2048">
						<Platform Name="iOSDevice32">
							<Operation>1</Operation>
						</Platform>
						<Platform Name="iOSDevice64">
							<Operation>1</Operation>
						</Platform>
						<Platform Name="iOSSimulator">
							<Operation>1</Operation>
						</Platform>
					</DeployClass>
					<DeployClass Name="iPad_Launch768">
						<Platform Name="iOSDevice32">
							<Operation>1</Operation>
						</Platform>
						<Platform Name="iOSDevice64">
							<Operation>1</Operation>
						</Platform>
						<Platform Name="iOSSimulator">
							<Operation>1</Operation>
						</Platform>
					</DeployClass>
					<DeployClass Name="iPad_Launch768x1024">
						<Platform Name="iOSDevice32">
							<Operation>1</Operation>
						</Platform>
						<Platform Name="iOSDevice64">
							<Operation>1</Operation>
						</Platform>
						<Platform Name="iOSSimulator">
							<Operation>1</Operation>
						</Platform>
					</DeployClass>
					<DeployClass Name="iPhone_Launch1125">
						<Platform Name="iOSDevice32">
							<Operation>1</Operation>
						</Platform>
						<Platform Name="iOSDevice64">
							<Operation>1</Operation>
						</Platform>
						<Platform Name="iOSSimulator">
							<Operation>1</Operation>
						</Platform>
					</DeployClass>
					<DeployClass Name="iPhone_Launch1136x640">
						<Platform Name="iOSDevice32">
							<Operation>1</Operation>
						</Platform>
						<Platform Name="iOSDevice64">
							<Operation>1</Operation>
						</Platform>
						<Platform Name="iOSSimulator">
							<Operation>1</Operation>
						</Platform>
					</DeployClass>
					<DeployClass Name="iPhone_Launch1242">
						<Platform Name="iOSDevice32">
							<Operation>1</Operation>
						</Platform>
						<Platform Name="iOSDevice64">
							<Operation>1</Operation>
						</Platform>
						<Platform Name="iOSSimulator">
							<Operation>1</Operation>
						</Platform>
					</DeployClass>
					<DeployClass Name="iPhone_Launch1242x2688">
						<Platform Name="iOSDevice32">
							<Operation>1</Operation>
						</Platform>
						<Platform Name="iOSDevice64">
							<Operation>1</Operation>
						</Platform>
						<Platform Name="iOSSimulator">
							<Operation>1</Operation>
						</Platform>
					</DeployClass>
					<DeployClass Name="iPhone_Launch1334">
						<Platform Name="iOSDevice32">
							<Operation>1</Operation>
						</Platform>
						<Platform Name="iOSDevice64">
							<Operation>1</Operation>
						</Platform>
						<Platform Name="iOSSimulator">
							<Operation>1</Operation>
						</Platform>
					</DeployClass>
					<DeployClass Name="iPhone_Launch1792">
						<Platform Name="iOSDevice32">
							<Operation>1</Operation>
						</Platform>
						<Platform Name="iOSDevice64">
							<Operation>1</Operation>
						</Platform>
						<Platform Name="iOSSimulator">
							<Operation>1</Operation>
						</Platform>
					</DeployClass>
					<DeployClass Name="iPhone_Launch2208">
						<Platform Name="iOSDevice32">
							<Operation>1</Operation>
						</Platform>
						<Platform Name="iOSDevice64">
							<Operation>1</Operation>
						</Platform>
						<Platform Name="iOSSimulator">
							<Operation>1</Operation>
						</Platform>
					</DeployClass>
					<DeployClass Name="iPhone_Launch2436">
						<Platform Name="iOSDevice32">
							<Operation>1</Operation>
						</Platform>
						<Platform Name="iOSDevice64">
							<Operation>1</Operation>
						</Platform>
						<Platform Name="iOSSimulator">
							<Operation>1</Operation>
						</Platform>
					</DeployClass>
					<DeployClass Name="iPhone_Launch2688x1242">
						<Platform Name="iOSDevice32">
							<Operation>1</Operation>
						</Platform>
						<Platform Name="iOSDevice64">
							<Operation>1</Operation>
						</Platform>
						<Platform Name="iOSSimulator">
							<Operation>1</Operation>
						</Platform>
					</DeployClass>
					<DeployClass Name="iPhone_Launch320">
						<Platform Name="iOSDevice32">
							<Operation>1</Operation>
						</Platform>
						<Platform Name="iOSDevice64">
							<Operation>1</Operation>
						</Platform>
						<Platform Name="iOSSimulator">
							<Operation>1</Operation>
						</Platform>
					</DeployClass>
					<DeployClass Name="iPhone_Launch640">
						<Platform Name="iOSDevice32">
							<Operation>1</Operation>
						</Platform>
						<Platform Name="iOSDevice64">
							<Operation>1</Operation>
						</Platform>
						<Platform Name="iOSSimulator">
							<Operation>1</Operation>
						</Platform>
					</DeployClass>
					<DeployClass Name="iPhone_Launch640x1136">
						<Platform Name="iOSDevice32">
							<Operation>1</Operation>
						</Platform>
						<Platform Name="iOSDevice64">
							<Operation>1</Operation>
						</Platform>
						<Platform Name="iOSSimulator">
							<Operation>1</Operation>
						</Platform>
					</DeployClass>
					<DeployClass Name="iPhone_Launch750">
						<Platform Name="iOSDevice32">
							<Operation>1</Operation>
						</Platform>
						<Platform Name="iOSDevice64">
							<Operation>1</Operation>
						</Platform>
						<Platform Name="iOSSimulator">
							<Operation>1</Operation>
						</Platform>
					</DeployClass>
					<DeployClass Name="iPhone_Launch828">
						<Platform Name="iOSDevice32">
							<Operation>1</Operation>
						</Platform>
						<Platform Name="iOSDevice64">
							<Operation>1</Operation>
						</Platform>
						<Platform Name="iOSSimulator">
							<Operation>1</Operation>
						</Platform>
					</DeployClass>
					<DeployClass Name="ProjectAndroidManifest">
						<Platform Name="Android">
							<Operation>1</Operation>
						</Platform>
						<Platform Name="Android64">
							<Operation>1</Operation>
						</Platform>
					</DeployClass>
					<DeployClass Name="ProjectiOSDeviceDebug">
						<Platform Name="iOSDevice32">
							<RemoteDir>..\$(PROJECTNAME).app.dSYM\Contents\Resources\DWARF</RemoteDir>
							<Operation>1</Operation>
						</Platform>
						<Platform Name="iOSDevice64">
							<RemoteDir>..\$(PROJECTNAME).app.dSYM\Contents\Resources\DWARF</RemoteDir>
							<Operation>1</Operation>
						</Platform>
					</DeployClass>
					<DeployClass Name="ProjectiOSDeviceResourceRules"/>
					<DeployClass Name="ProjectiOSEntitlements"/>
					<DeployClass Name="ProjectiOSInfoPList"/>
					<DeployClass Name="ProjectiOSResource">
						<Platform Name="iOSDevice32">
							<Operation>1</Operation>
						</Platform>
						<Platform Name="iOSDevice64">
							<Operation>1</Operation>
						</Platform>
						<Platform Name="iOSSimulator">
							<Operation>1</Operation>
						</Platform>
					</DeployClass>
					<DeployClass Name="ProjectOSXDebug"/>
					<DeployClass Name="ProjectOSXEntitlements"/>
					<DeployClass Name="ProjectOSXInfoPList"/>
					<DeployClass Name="ProjectOSXResource">
						<Platform Name="OSX32">
							<RemoteDir>Contents\Resources</RemoteDir>
							<Operation>1</Operation>
						</Platform>
						<Platform Name="OSX64">
							<RemoteDir>Contents\Resources</RemoteDir>
							<Operation>1</Operation>
						</Platform>
					</DeployClass>
					<DeployClass Required="true" Name="ProjectOutput">
						<Platform Name="Android">
							<RemoteDir>library\lib\armeabi-v7a</RemoteDir>
							<Operation>1</Operation>
						</Platform>
						<Platform Name="Android64">
							<RemoteDir>library\lib\arm64-v8a</RemoteDir>
							<Operation>1</Operation>
						</Platform>
						<Platform Name="iOSDevice32">
							<Operation>1</Operation>
						</Platform>
						<Platform Name="iOSDevice64">
							<Operation>1</Operation>
						</Platform>
						<Platform Name="iOSSimulator">
							<Operation>1</Operation>
						</Platform>
						<Platform Name="Linux64">
							<Operation>1</Operation>
						</Platform>
						<Platform Name="OSX32">
							<Operation>1</Operation>
						</Platform>
						<Platform Name="OSX64">
							<Operation>1</Operation>
						</Platform>
						<Platform Name="Win32">
							<Operation>0</Operation>
						</Platform>
					</DeployClass>
					<DeployClass Name="ProjectOutput_Android32">
						<Platform Name="Android64">
							<RemoteDir>library\lib\armeabi-v7a</RemoteDir>
							<Operation>1</Operation>
						</Platform>
					</DeployClass>
					<DeployClass Name="ProjectUWPManifest">
						<Platform Name="Win32">
							<Operation>1</Operation>
						</Platform>
						<Platform Name="Win64">
							<Operation>1</Operation>
						</Platform>
					</DeployClass>
					<DeployClass Name="UWP_DelphiLogo150">
						<Platform Name="Win32">
							<RemoteDir>Assets</RemoteDir>
							<Operation>1</Operation>
						</Platform>
						<Platform Name="Win64">
							<RemoteDir>Assets</RemoteDir>
							<Operation>1</Operation>
						</Platform>
					</DeployClass>
					<DeployClass Name="UWP_DelphiLogo44">
						<Platform Name="Win32">
							<RemoteDir>Assets</RemoteDir>
							<Operation>1</Operation>
						</Platform>
						<Platform Name="Win64">
							<RemoteDir>Assets</RemoteDir>
							<Operation>1</Operation>
						</Platform>
					</DeployClass>
					<ProjectRoot Name="$(PROJECTNAME).app" Platform="iOSDevice64"/>
					<ProjectRoot Name="$(PROJECTNAME)" Platform="Win64"/>
					<ProjectRoot Name="$(PROJECTNAME).app" Platform="iOSDevice32"/>
					<ProjectRoot Name="$(PROJECTNAME)" Platform="Win32"/>
					<ProjectRoot Name="$(PROJECTNAME)" Platform="Linux64"/>
					<ProjectRoot Name="$(PROJECTNAME)" Platform="OSX32"/>
					<ProjectRoot Name="$(PROJECTNAME)" Platform="Android"/>
					<ProjectRoot Name="$(PROJECTNAME)" Platform="OSX64"/>
					<ProjectRoot Name="$(PROJECTNAME).app" Platform="iOSSimulator"/>
					<ProjectRoot Name="$(PROJECTNAME)" Platform="Android64"/>
				</Deployment>
				<Platforms>
					<Platform value="Android">False</Platform>
					<Platform value="Android64">False</Platform>
					<Platform value="iOSDevice32">False</Platform>
					<Platform value="iOSDevice64">False</Platform>
					<Platform value="iOSSimulator">False</Platform>
					<Platform value="Win32">True</Platform>
				</Platforms>
			</BorlandProject>
			<ProjectFileVersion>12</ProjectFileVersion>
		</ProjectExtensions>
	</Project>
